
Microsoft Visual Studio Solution File, Format Version 12.00
# Visual Studio 15
VisualStudioVersion = 15.0.28010.2046
MinimumVisualStudioVersion = 10.0.40219.1
Project("{8BC9CEB8-8B4A-11D0-8D11-00A0C91BC942}") = "AlgorithmTestbed", "AlgorithmTestbed\AlgorithmTestbed.vcxproj", "{3C64EB37-8EC7-4D5E-B802-37A2B250D6F4}"
EndProject
Project("{8BC9CEB8-8B4A-11D0-8D11-00A0C91BC942}") = "WeatherHost", "WeatherHost\WeatherHost.vcxproj", "{C5F80730-F44F-4478-BDAE-6634EFC2CA88}"
EndProject
Project("{8BC9CEB8-8B4A-11D0-8D11-00A0C91BC942}") = "WeatherSensor", "WeatherSensor\WeatherSensor.vcxproj", "{73D5BCAB-1ED1-4BDC-95DB-873F2FC5F7B7}"
EndProject
Project("{8BC9CEB8-8B4A-11D0-8D11-00A0C91BC942}") = "WeatherSensorWifi", "WeatherSensorWifi\WeatherSensorWifi.vcxproj", "{D969BFF5-364D-49CD-A63A-FEE337BF9BF6}"
EndProject
Project("{8BC9CEB8-8B4A-11D0-8D11-00A0C91BC942}") = "RadioHead", "..\..\..\..\Documents\Arduino\libraries\RadioHead\RadioHead.vcxitems", "{3B035BE8-BAB2-41A4-A698-7CAF73F27891}"
EndProject
Project("{8BC9CEB8-8B4A-11D0-8D11-00A0C91BC942}") = "Adafruit_SSD1306", "..\..\..\..\Documents\Arduino\libraries\Adafruit_SSD1306\Adafruit_SSD1306.vcxitems", "{707CDEA1-547B-42F4-B3E8-5EABD543E16E}"
EndProject
Project("{8BC9CEB8-8B4A-11D0-8D11-00A0C91BC942}") = "Adafruit_GFX_Library", "..\..\..\..\Documents\Arduino\libraries\Adafruit_GFX_Library\Adafruit_GFX_Library.vcxitems", "{8A4405AC-5B96-45E8-A520-CD4F874A7BE3}"
EndProject
Project("{8BC9CEB8-8B4A-11D0-8D11-00A0C91BC942}") = "GxEPD_Example", "..\..\..\..\Documents\Arduino\libraries\GxEPD-master\examples\GxEPD_Example\GxEPD_Example.vcxproj", "{757B5097-0AF9-4117-ACFD-7E75A4051070}"
EndProject
Project("{8BC9CEB8-8B4A-11D0-8D11-00A0C91BC942}") = "BME280", "..\..\..\..\Documents\Arduino\libraries\BME280\BME280.vcxitems", "{A726355F-B13E-48B1-8A35-CE64DD490F83}"
EndProject
Project("{2150E333-8FDC-42A3-9474-1A3956D46DE8}") = "Libraries", "Libraries", "{EA67A87B-F27E-46EF-8E26-A0C58AF41E42}"
EndProject
Project("{8BC9CEB8-8B4A-11D0-8D11-00A0C91BC942}") = "SPI", "..\..\..\..\AppData\Local\arduino15\packages\esp8266\hardware\esp8266\2.4.2\libraries\SPI\SPI.vcxitems", "{21839AEB-B04C-4517-9FFB-DF808F29ABD4}"
EndProject
Project("{8BC9CEB8-8B4A-11D0-8D11-00A0C91BC942}") = "ESP8266WiFi", "..\..\..\..\AppData\Local\arduino15\packages\esp8266\hardware\esp8266\2.4.2\libraries\ESP8266WiFi\ESP8266WiFi.vcxitems", "{587D97AF-B92C-4480-BE4E-BD7629338046}"
EndProject
Project("{8BC9CEB8-8B4A-11D0-8D11-00A0C91BC942}") = "epaperHost", "epaperHost\epaperHost.vcxproj", "{FBD7F87A-43C9-4E62-A37F-5045BA176E68}"
EndProject
Global
	GlobalSection(SolutionConfigurationPlatforms) = preSolution
		Debug|x64 = Debug|x64
		Debug|x86 = Debug|x86
		Release|x64 = Release|x64
		Release|x86 = Release|x86
	EndGlobalSection
	GlobalSection(ProjectConfigurationPlatforms) = postSolution
		{3C64EB37-8EC7-4D5E-B802-37A2B250D6F4}.Debug|x64.ActiveCfg = Debug|x64
		{3C64EB37-8EC7-4D5E-B802-37A2B250D6F4}.Debug|x64.Build.0 = Debug|x64
		{3C64EB37-8EC7-4D5E-B802-37A2B250D6F4}.Debug|x86.ActiveCfg = Debug|Win32
		{3C64EB37-8EC7-4D5E-B802-37A2B250D6F4}.Debug|x86.Build.0 = Debug|Win32
		{3C64EB37-8EC7-4D5E-B802-37A2B250D6F4}.Release|x64.ActiveCfg = Release|x64
		{3C64EB37-8EC7-4D5E-B802-37A2B250D6F4}.Release|x64.Build.0 = Release|x64
		{3C64EB37-8EC7-4D5E-B802-37A2B250D6F4}.Release|x86.ActiveCfg = Release|Win32
		{3C64EB37-8EC7-4D5E-B802-37A2B250D6F4}.Release|x86.Build.0 = Release|Win32
		{C5F80730-F44F-4478-BDAE-6634EFC2CA88}.Debug|x64.ActiveCfg = Debug|Win32
		{C5F80730-F44F-4478-BDAE-6634EFC2CA88}.Debug|x86.ActiveCfg = Debug|Win32
		{C5F80730-F44F-4478-BDAE-6634EFC2CA88}.Debug|x86.Build.0 = Debug|Win32
		{C5F80730-F44F-4478-BDAE-6634EFC2CA88}.Release|x64.ActiveCfg = Release|Win32
		{C5F80730-F44F-4478-BDAE-6634EFC2CA88}.Release|x86.ActiveCfg = Release|Win32
		{C5F80730-F44F-4478-BDAE-6634EFC2CA88}.Release|x86.Build.0 = Release|Win32
		{73D5BCAB-1ED1-4BDC-95DB-873F2FC5F7B7}.Debug|x64.ActiveCfg = Debug|Win32
		{73D5BCAB-1ED1-4BDC-95DB-873F2FC5F7B7}.Debug|x86.ActiveCfg = Debug|Win32
		{73D5BCAB-1ED1-4BDC-95DB-873F2FC5F7B7}.Debug|x86.Build.0 = Debug|Win32
		{73D5BCAB-1ED1-4BDC-95DB-873F2FC5F7B7}.Release|x64.ActiveCfg = Release|Win32
		{73D5BCAB-1ED1-4BDC-95DB-873F2FC5F7B7}.Release|x86.ActiveCfg = Release|Win32
		{73D5BCAB-1ED1-4BDC-95DB-873F2FC5F7B7}.Release|x86.Build.0 = Release|Win32
		{D969BFF5-364D-49CD-A63A-FEE337BF9BF6}.Debug|x64.ActiveCfg = Debug|Win32
		{D969BFF5-364D-49CD-A63A-FEE337BF9BF6}.Debug|x86.ActiveCfg = Debug|Win32
		{D969BFF5-364D-49CD-A63A-FEE337BF9BF6}.Debug|x86.Build.0 = Debug|Win32
		{D969BFF5-364D-49CD-A63A-FEE337BF9BF6}.Release|x64.ActiveCfg = Release|Win32
		{D969BFF5-364D-49CD-A63A-FEE337BF9BF6}.Release|x86.ActiveCfg = Release|Win32
		{D969BFF5-364D-49CD-A63A-FEE337BF9BF6}.Release|x86.Build.0 = Release|Win32
		{757B5097-0AF9-4117-ACFD-7E75A4051070}.Debug|x64.ActiveCfg = Debug|Win32
		{757B5097-0AF9-4117-ACFD-7E75A4051070}.Debug|x86.ActiveCfg = Debug|Win32
		{757B5097-0AF9-4117-ACFD-7E75A4051070}.Debug|x86.Build.0 = Debug|Win32
		{757B5097-0AF9-4117-ACFD-7E75A4051070}.Release|x64.ActiveCfg = Release|Win32
		{757B5097-0AF9-4117-ACFD-7E75A4051070}.Release|x86.ActiveCfg = Release|Win32
		{757B5097-0AF9-4117-ACFD-7E75A4051070}.Release|x86.Build.0 = Release|Win32
		{FBD7F87A-43C9-4E62-A37F-5045BA176E68}.Debug|x64.ActiveCfg = Debug|Win32
		{FBD7F87A-43C9-4E62-A37F-5045BA176E68}.Debug|x86.ActiveCfg = Debug|Win32
		{FBD7F87A-43C9-4E62-A37F-5045BA176E68}.Debug|x86.Build.0 = Debug|Win32
		{FBD7F87A-43C9-4E62-A37F-5045BA176E68}.Release|x64.ActiveCfg = Release|Win32
		{FBD7F87A-43C9-4E62-A37F-5045BA176E68}.Release|x86.ActiveCfg = Release|Win32
		{FBD7F87A-43C9-4E62-A37F-5045BA176E68}.Release|x86.Build.0 = Release|Win32
	EndGlobalSection
	GlobalSection(SolutionProperties) = preSolution
		HideSolutionNode = FALSE
	EndGlobalSection
	GlobalSection(NestedProjects) = preSolution
		{3B035BE8-BAB2-41A4-A698-7CAF73F27891} = {EA67A87B-F27E-46EF-8E26-A0C58AF41E42}
		{707CDEA1-547B-42F4-B3E8-5EABD543E16E} = {EA67A87B-F27E-46EF-8E26-A0C58AF41E42}
		{8A4405AC-5B96-45E8-A520-CD4F874A7BE3} = {EA67A87B-F27E-46EF-8E26-A0C58AF41E42}
		{A726355F-B13E-48B1-8A35-CE64DD490F83} = {EA67A87B-F27E-46EF-8E26-A0C58AF41E42}
	EndGlobalSection
	GlobalSection(ExtensibilityGlobals) = postSolution
		SolutionGuid = {1C0EDC1B-27EF-41DB-8002-1FF563B8B52E}
	EndGlobalSection
EndGlobal
